
Microsoft Visual Studio Solution File, Format Version 12.00
# Visual Studio Version 17
VisualStudioVersion = 17.9.34622.214
MinimumVisualStudioVersion = 10.0.40219.1
Project("{9A19103F-16F7-4668-BE54-9A1E7A4F7556}") = "Api", "Api\Api.csproj", "{8619029B-194E-4677-8D19-37E013365FE6}"
EndProject
Project("{9A19103F-16F7-4668-BE54-9A1E7A4F7556}") = "Applicaton", "Applicaton\Applicaton.csproj", "{DBE20BA1-7725-476B-AD34-A5CFEE55404A}"
EndProject
Project("{9A19103F-16F7-4668-BE54-9A1E7A4F7556}") = "Core", "Core\Core.csproj", "{767108C1-4840-46DD-8986-6E1B1F51B800}"
EndProject
Project("{9A19103F-16F7-4668-BE54-9A1E7A4F7556}") = "Domain", "Domain\Domain.csproj", "{AC23A889-0FAE-4C0C-AEDF-D4BE62B76D9F}"
EndProject
Project("{9A19103F-16F7-4668-BE54-9A1E7A4F7556}") = "Persistence", "Persistence\Persistence.csproj", "{0B3AB3DA-3A05-4FE9-968D-DD0448272FC4}"
EndProject
Global
	GlobalSection(SolutionConfigurationPlatforms) = preSolution
		Debug|Any CPU = Debug|Any CPU
		Release|Any CPU = Release|Any CPU
	EndGlobalSection
	GlobalSection(ProjectConfigurationPlatforms) = postSolution
		{8619029B-194E-4677-8D19-37E013365FE6}.Debug|Any CPU.ActiveCfg = Debug|Any CPU
		{8619029B-194E-4677-8D19-37E013365FE6}.Debug|Any CPU.Build.0 = Debug|Any CPU
		{8619029B-194E-4677-8D19-37E013365FE6}.Release|Any CPU.ActiveCfg = Release|Any CPU
		{8619029B-194E-4677-8D19-37E013365FE6}.Release|Any CPU.Build.0 = Release|Any CPU
		{DBE20BA1-7725-476B-AD34-A5CFEE55404A}.Debug|Any CPU.ActiveCfg = Debug|Any CPU
		{DBE20BA1-7725-476B-AD34-A5CFEE55404A}.Debug|Any CPU.Build.0 = Debug|Any CPU
		{DBE20BA1-7725-476B-AD34-A5CFEE55404A}.Release|Any CPU.ActiveCfg = Release|Any CPU
		{DBE20BA1-7725-476B-AD34-A5CFEE55404A}.Release|Any CPU.Build.0 = Release|Any CPU
		{767108C1-4840-46DD-8986-6E1B1F51B800}.Debug|Any CPU.ActiveCfg = Debug|Any CPU
		{767108C1-4840-46DD-8986-6E1B1F51B800}.Debug|Any CPU.Build.0 = Debug|Any CPU
		{767108C1-4840-46DD-8986-6E1B1F51B800}.Release|Any CPU.ActiveCfg = Release|Any CPU
		{767108C1-4840-46DD-8986-6E1B1F51B800}.Release|Any CPU.Build.0 = Release|Any CPU
		{AC23A889-0FAE-4C0C-AEDF-D4BE62B76D9F}.Debug|Any CPU.ActiveCfg = Debug|Any CPU
		{AC23A889-0FAE-4C0C-AEDF-D4BE62B76D9F}.Debug|Any CPU.Build.0 = Debug|Any CPU
		{AC23A889-0FAE-4C0C-AEDF-D4BE62B76D9F}.Release|Any CPU.ActiveCfg = Release|Any CPU
		{AC23A889-0FAE-4C0C-AEDF-D4BE62B76D9F}.Release|Any CPU.Build.0 = Release|Any CPU
		{0B3AB3DA-3A05-4FE9-968D-DD0448272FC4}.Debug|Any CPU.ActiveCfg = Debug|Any CPU
		{0B3AB3DA-3A05-4FE9-968D-DD0448272FC4}.Debug|Any CPU.Build.0 = Debug|Any CPU
		{0B3AB3DA-3A05-4FE9-968D-DD0448272FC4}.Release|Any CPU.ActiveCfg = Release|Any CPU
		{0B3AB3DA-3A05-4FE9-968D-DD0448272FC4}.Release|Any CPU.Build.0 = Release|Any CPU
	EndGlobalSection
	GlobalSection(SolutionProperties) = preSolution
		HideSolutionNode = FALSE
	EndGlobalSection
	GlobalSection(ExtensibilityGlobals) = postSolution
		SolutionGuid = {0568DA62-59B4-4395-A303-F069CFEBB0A2}
	EndGlobalSection
EndGlobal
